Microsoft Visual Studio Solution File, Format Version 12.00
# Visual Studio 15
VisualStudioVersion = 15.0.26124.0
MinimumVisualStudioVersion = 15.0.26124.0
Project("{FAE04EC0-301F-11D3-BF4B-00C04F79EFBC}") = "lw-app15.Client", "Client\lw-app15.Client.csproj", "{23F4111E-FC95-4A8B-8B94-9FBE853C61ED}"
EndProject
Project("{FAE04EC0-301F-11D3-BF4B-00C04F79EFBC}") = "lw-app15.Server", "Server\lw-app15.Server.csproj", "{80137F57-5FE4-4826-97BB-8A3DB8B81719}"
EndProject
Global
	GlobalSection(SolutionConfigurationPlatforms) = preSolution
		Debug|Any CPU = Debug|Any CPU
		Release|Any CPU = Release|Any CPU
	EndGlobalSection
	GlobalSection(SolutionProperties) = preSolution
		HideSolutionNode = FALSE
	EndGlobalSection
	GlobalSection(ProjectConfigurationPlatforms) = postSolution
		{23F4111E-FC95-4A8B-8B94-9FBE853C61ED}.Debug|Any CPU.ActiveCfg = Debug|Any CPU
		{23F4111E-FC95-4A8B-8B94-9FBE853C61ED}.Debug|Any CPU.Build.0 = Debug|Any CPU
		{23F4111E-FC95-4A8B-8B94-9FBE853C61ED}.Release|Any CPU.ActiveCfg = Release|Any CPU
		{23F4111E-FC95-4A8B-8B94-9FBE853C61ED}.Release|Any CPU.Build.0 = Release|Any CPU
		{80137F57-5FE4-4826-97BB-8A3DB8B81719}.Debug|Any CPU.ActiveCfg = Debug|Any CPU
		{80137F57-5FE4-4826-97BB-8A3DB8B81719}.Debug|Any CPU.Build.0 = Debug|Any CPU
		{80137F57-5FE4-4826-97BB-8A3DB8B81719}.Release|Any CPU.ActiveCfg = Release|Any CPU
		{80137F57-5FE4-4826-97BB-8A3DB8B81719}.Release|Any CPU.Build.0 = Release|Any CPU
	EndGlobalSection
EndGlobal
