Microsoft Visual Studio Solution File, Format Version 12.00
# Visual Studio 15
VisualStudioVersion = 15.0.26124.0
MinimumVisualStudioVersion = 15.0.26124.0
Project("{FAE04EC0-301F-11D3-BF4B-00C04F79EFBC}") = "lw-app13.Client", "Client\lw-app13.Client.csproj", "{E8835EE0-3191-49C6-8F9F-227D14425C10}"
EndProject
Project("{FAE04EC0-301F-11D3-BF4B-00C04F79EFBC}") = "lw-app13.Server", "Server\lw-app13.Server.csproj", "{6365B882-C09F-4473-A3F4-92BABBCA23A4}"
EndProject
Global
	GlobalSection(SolutionConfigurationPlatforms) = preSolution
		Debug|Any CPU = Debug|Any CPU
		Release|Any CPU = Release|Any CPU
	EndGlobalSection
	GlobalSection(SolutionProperties) = preSolution
		HideSolutionNode = FALSE
	EndGlobalSection
	GlobalSection(ProjectConfigurationPlatforms) = postSolution
		{E8835EE0-3191-49C6-8F9F-227D14425C10}.Debug|Any CPU.ActiveCfg = Debug|Any CPU
		{E8835EE0-3191-49C6-8F9F-227D14425C10}.Debug|Any CPU.Build.0 = Debug|Any CPU
		{E8835EE0-3191-49C6-8F9F-227D14425C10}.Release|Any CPU.ActiveCfg = Release|Any CPU
		{E8835EE0-3191-49C6-8F9F-227D14425C10}.Release|Any CPU.Build.0 = Release|Any CPU
		{6365B882-C09F-4473-A3F4-92BABBCA23A4}.Debug|Any CPU.ActiveCfg = Debug|Any CPU
		{6365B882-C09F-4473-A3F4-92BABBCA23A4}.Debug|Any CPU.Build.0 = Debug|Any CPU
		{6365B882-C09F-4473-A3F4-92BABBCA23A4}.Release|Any CPU.ActiveCfg = Release|Any CPU
		{6365B882-C09F-4473-A3F4-92BABBCA23A4}.Release|Any CPU.Build.0 = Release|Any CPU
	EndGlobalSection
EndGlobal
