Microsoft Visual Studio Solution File, Format Version 12.00
# Visual Studio 15
VisualStudioVersion = 15.0.26124.0
MinimumVisualStudioVersion = 15.0.26124.0
Project("{FAE04EC0-301F-11D3-BF4B-00C04F79EFBC}") = "lw-app9.Client", "Client\lw-app9.Client.csproj", "{C1530AE8-B3A3-4C56-A548-191015F6D2F1}"
EndProject
Project("{FAE04EC0-301F-11D3-BF4B-00C04F79EFBC}") = "lw-app9.Server", "Server\lw-app9.Server.csproj", "{2E1C46DE-5E1A-4A97-84CE-3C2416BCCC55}"
EndProject
Global
	GlobalSection(SolutionConfigurationPlatforms) = preSolution
		Debug|Any CPU = Debug|Any CPU
		Release|Any CPU = Release|Any CPU
	EndGlobalSection
	GlobalSection(SolutionProperties) = preSolution
		HideSolutionNode = FALSE
	EndGlobalSection
	GlobalSection(ProjectConfigurationPlatforms) = postSolution
		{C1530AE8-B3A3-4C56-A548-191015F6D2F1}.Debug|Any CPU.ActiveCfg = Debug|Any CPU
		{C1530AE8-B3A3-4C56-A548-191015F6D2F1}.Debug|Any CPU.Build.0 = Debug|Any CPU
		{C1530AE8-B3A3-4C56-A548-191015F6D2F1}.Release|Any CPU.ActiveCfg = Release|Any CPU
		{C1530AE8-B3A3-4C56-A548-191015F6D2F1}.Release|Any CPU.Build.0 = Release|Any CPU
		{2E1C46DE-5E1A-4A97-84CE-3C2416BCCC55}.Debug|Any CPU.ActiveCfg = Debug|Any CPU
		{2E1C46DE-5E1A-4A97-84CE-3C2416BCCC55}.Debug|Any CPU.Build.0 = Debug|Any CPU
		{2E1C46DE-5E1A-4A97-84CE-3C2416BCCC55}.Release|Any CPU.ActiveCfg = Release|Any CPU
		{2E1C46DE-5E1A-4A97-84CE-3C2416BCCC55}.Release|Any CPU.Build.0 = Release|Any CPU
	EndGlobalSection
EndGlobal
