Microsoft Visual Studio Solution File, Format Version 12.00
# Visual Studio 15
VisualStudioVersion = 15.0.26124.0
MinimumVisualStudioVersion = 15.0.26124.0
Project("{FAE04EC0-301F-11D3-BF4B-00C04F79EFBC}") = "lw-app4.Client", "Client\lw-app4.Client.csproj", "{245823DB-593A-4377-8899-ABA82DB802BF}"
EndProject
Project("{FAE04EC0-301F-11D3-BF4B-00C04F79EFBC}") = "lw-app4.Server", "Server\lw-app4.Server.csproj", "{E08A7ADF-71A2-41CE-BE72-EF87FD82EB3F}"
EndProject
Global
	GlobalSection(SolutionConfigurationPlatforms) = preSolution
		Debug|Any CPU = Debug|Any CPU
		Release|Any CPU = Release|Any CPU
	EndGlobalSection
	GlobalSection(SolutionProperties) = preSolution
		HideSolutionNode = FALSE
	EndGlobalSection
	GlobalSection(ProjectConfigurationPlatforms) = postSolution
		{245823DB-593A-4377-8899-ABA82DB802BF}.Debug|Any CPU.ActiveCfg = Debug|Any CPU
		{245823DB-593A-4377-8899-ABA82DB802BF}.Debug|Any CPU.Build.0 = Debug|Any CPU
		{245823DB-593A-4377-8899-ABA82DB802BF}.Release|Any CPU.ActiveCfg = Release|Any CPU
		{245823DB-593A-4377-8899-ABA82DB802BF}.Release|Any CPU.Build.0 = Release|Any CPU
		{E08A7ADF-71A2-41CE-BE72-EF87FD82EB3F}.Debug|Any CPU.ActiveCfg = Debug|Any CPU
		{E08A7ADF-71A2-41CE-BE72-EF87FD82EB3F}.Debug|Any CPU.Build.0 = Debug|Any CPU
		{E08A7ADF-71A2-41CE-BE72-EF87FD82EB3F}.Release|Any CPU.ActiveCfg = Release|Any CPU
		{E08A7ADF-71A2-41CE-BE72-EF87FD82EB3F}.Release|Any CPU.Build.0 = Release|Any CPU
	EndGlobalSection
EndGlobal
