Microsoft Visual Studio Solution File, Format Version 12.00
# Visual Studio 15
VisualStudioVersion = 15.0.26124.0
MinimumVisualStudioVersion = 15.0.26124.0
Project("{FAE04EC0-301F-11D3-BF4B-00C04F79EFBC}") = "lw-app17.Client", "Client\lw-app17.Client.csproj", "{6884269F-635A-421E-A1EB-CB64D1B8EF43}"
EndProject
Project("{FAE04EC0-301F-11D3-BF4B-00C04F79EFBC}") = "lw-app17.Server", "Server\lw-app17.Server.csproj", "{E84CFFC0-9EE8-42E4-AA76-B7C79B201D0B}"
EndProject
Global
	GlobalSection(SolutionConfigurationPlatforms) = preSolution
		Debug|Any CPU = Debug|Any CPU
		Release|Any CPU = Release|Any CPU
	EndGlobalSection
	GlobalSection(SolutionProperties) = preSolution
		HideSolutionNode = FALSE
	EndGlobalSection
	GlobalSection(ProjectConfigurationPlatforms) = postSolution
		{6884269F-635A-421E-A1EB-CB64D1B8EF43}.Debug|Any CPU.ActiveCfg = Debug|Any CPU
		{6884269F-635A-421E-A1EB-CB64D1B8EF43}.Debug|Any CPU.Build.0 = Debug|Any CPU
		{6884269F-635A-421E-A1EB-CB64D1B8EF43}.Release|Any CPU.ActiveCfg = Release|Any CPU
		{6884269F-635A-421E-A1EB-CB64D1B8EF43}.Release|Any CPU.Build.0 = Release|Any CPU
		{E84CFFC0-9EE8-42E4-AA76-B7C79B201D0B}.Debug|Any CPU.ActiveCfg = Debug|Any CPU
		{E84CFFC0-9EE8-42E4-AA76-B7C79B201D0B}.Debug|Any CPU.Build.0 = Debug|Any CPU
		{E84CFFC0-9EE8-42E4-AA76-B7C79B201D0B}.Release|Any CPU.ActiveCfg = Release|Any CPU
		{E84CFFC0-9EE8-42E4-AA76-B7C79B201D0B}.Release|Any CPU.Build.0 = Release|Any CPU
	EndGlobalSection
EndGlobal
