Microsoft Visual Studio Solution File, Format Version 12.00
# Visual Studio 15
VisualStudioVersion = 15.0.26124.0
MinimumVisualStudioVersion = 15.0.26124.0
Project("{FAE04EC0-301F-11D3-BF4B-00C04F79EFBC}") = "lw-app16.Client", "Client\lw-app16.Client.csproj", "{0E6B4D9E-32E7-4004-A087-C7657489F467}"
EndProject
Project("{FAE04EC0-301F-11D3-BF4B-00C04F79EFBC}") = "lw-app16.Server", "Server\lw-app16.Server.csproj", "{6A1A2505-79E1-41E4-ABED-0F814DADCD03}"
EndProject
Global
	GlobalSection(SolutionConfigurationPlatforms) = preSolution
		Debug|Any CPU = Debug|Any CPU
		Release|Any CPU = Release|Any CPU
	EndGlobalSection
	GlobalSection(SolutionProperties) = preSolution
		HideSolutionNode = FALSE
	EndGlobalSection
	GlobalSection(ProjectConfigurationPlatforms) = postSolution
		{0E6B4D9E-32E7-4004-A087-C7657489F467}.Debug|Any CPU.ActiveCfg = Debug|Any CPU
		{0E6B4D9E-32E7-4004-A087-C7657489F467}.Debug|Any CPU.Build.0 = Debug|Any CPU
		{0E6B4D9E-32E7-4004-A087-C7657489F467}.Release|Any CPU.ActiveCfg = Release|Any CPU
		{0E6B4D9E-32E7-4004-A087-C7657489F467}.Release|Any CPU.Build.0 = Release|Any CPU
		{6A1A2505-79E1-41E4-ABED-0F814DADCD03}.Debug|Any CPU.ActiveCfg = Debug|Any CPU
		{6A1A2505-79E1-41E4-ABED-0F814DADCD03}.Debug|Any CPU.Build.0 = Debug|Any CPU
		{6A1A2505-79E1-41E4-ABED-0F814DADCD03}.Release|Any CPU.ActiveCfg = Release|Any CPU
		{6A1A2505-79E1-41E4-ABED-0F814DADCD03}.Release|Any CPU.Build.0 = Release|Any CPU
	EndGlobalSection
EndGlobal
