Microsoft Visual Studio Solution File, Format Version 12.00
# Visual Studio 15
VisualStudioVersion = 15.0.26124.0
MinimumVisualStudioVersion = 15.0.26124.0
Project("{FAE04EC0-301F-11D3-BF4B-00C04F79EFBC}") = "lw-app6.Client", "Client\lw-app6.Client.csproj", "{EDE94D60-167D-4C13-BFEC-BE215D54B21A}"
EndProject
Project("{FAE04EC0-301F-11D3-BF4B-00C04F79EFBC}") = "lw-app6.Server", "Server\lw-app6.Server.csproj", "{7909D77A-3607-4AF5-84BB-3C2113C65B00}"
EndProject
Global
	GlobalSection(SolutionConfigurationPlatforms) = preSolution
		Debug|Any CPU = Debug|Any CPU
		Release|Any CPU = Release|Any CPU
	EndGlobalSection
	GlobalSection(SolutionProperties) = preSolution
		HideSolutionNode = FALSE
	EndGlobalSection
	GlobalSection(ProjectConfigurationPlatforms) = postSolution
		{EDE94D60-167D-4C13-BFEC-BE215D54B21A}.Debug|Any CPU.ActiveCfg = Debug|Any CPU
		{EDE94D60-167D-4C13-BFEC-BE215D54B21A}.Debug|Any CPU.Build.0 = Debug|Any CPU
		{EDE94D60-167D-4C13-BFEC-BE215D54B21A}.Release|Any CPU.ActiveCfg = Release|Any CPU
		{EDE94D60-167D-4C13-BFEC-BE215D54B21A}.Release|Any CPU.Build.0 = Release|Any CPU
		{7909D77A-3607-4AF5-84BB-3C2113C65B00}.Debug|Any CPU.ActiveCfg = Debug|Any CPU
		{7909D77A-3607-4AF5-84BB-3C2113C65B00}.Debug|Any CPU.Build.0 = Debug|Any CPU
		{7909D77A-3607-4AF5-84BB-3C2113C65B00}.Release|Any CPU.ActiveCfg = Release|Any CPU
		{7909D77A-3607-4AF5-84BB-3C2113C65B00}.Release|Any CPU.Build.0 = Release|Any CPU
	EndGlobalSection
EndGlobal
